{
  "name": "mas_counter",
  "version": "1.0.0",
  "lockfileVersion": 1,
  "requires": true,
  "dependencies": {
    "gsap": {
      "version": "3.5.1",
      "resolved": "https://registry.npmjs.org/gsap/-/gsap-3.5.1.tgz",
      "integrity": "sha512-EMV0RSUKZNeTUzLKAizGlwxVOUyif3/g8I3S1aA/hf3gbqwBvmQ02x1RdTBQNQMOpHCVBv9y/vaHwfctoAg8zw=="
    },
    "morphing-pointer": {
      "version": "0.4.0",
      "resolved": "https://registry.npmjs.org/morphing-pointer/-/morphing-pointer-0.4.0.tgz",
      "integrity": "sha512-4TsX3gneo/uMF94iA+qZeNwodD7OBf5jsgL6KmSF55qE1oC1T+WDHd0yhXajGLJl56V8x50e4x8npyrA7lX1ZQ==",
      "requires": {
        "gsap": "^3.5.1"
      }
    }
  }
}
